{
  "requires": true,
  "lockfileVersion": 1,
  "dependencies": {
    "@angular/common": {
      "version": "6.0.0",
      "resolved": "https://registry.npmjs.org/@angular/common/-/common-6.0.0.tgz",
      "integrity": "sha512-oo/KESihAZo0FsZPHthO9PYhanN4Q+Lo7Lb2HNbWnD+xRIPa1yFC12JOWiD+SPPfFGWMI6aW3wAlcoej1+QKSw==",
      "requires": {
        "tslib": "^1.9.0"
      }
    },
    "@auth0/angular-jwt": {
      "version": "2.0.0",
      "resolved": "https://registry.npmjs.org/@auth0/angular-jwt/-/angular-jwt-2.0.0.tgz",
      "integrity": "sha512-RVlXFpcqQ+9uCpzboU7Tm1ubaRVO2FrR5+RYuwHtTT4BXquVMEwOSbAuuaArFud/kMc00XYoGgiP1JkCfOAfpA==",
      "requires": {
        "url": "^0.11.0"
      }
    },
    "punycode": {
      "version": "1.3.2",
      "resolved": "https://registry.npmjs.org/punycode/-/punycode-1.3.2.tgz",
      "integrity": "sha1-llOgNvt8HuQjQvIyXM7v6jkmxI0="
    },
    "querystring": {
      "version": "0.2.0",
      "resolved": "https://registry.npmjs.org/querystring/-/querystring-0.2.0.tgz",
      "integrity": "sha1-sgmEkgO7Jd+CDadW50cAWHhSFiA="
    },
    "tslib": {
      "version": "1.9.3",
      "resolved": "https://registry.npmjs.org/tslib/-/tslib-1.9.3.tgz",
      "integrity": "sha512-4krF8scpejhaOgqzBEcGM7yDIEfi0/8+8zDRZhNZZ2kjmHJ4hv3zCbQWxoJGz1iw5U0Jl0nma13xzHXcncMavQ=="
    },
    "url": {
      "version": "0.11.0",
      "resolved": "https://registry.npmjs.org/url/-/url-0.11.0.tgz",
      "integrity": "sha1-ODjpfPxgUh63PFJajlW/3Z4uKPE=",
      "requires": {
        "punycode": "1.3.2",
        "querystring": "0.2.0"
      }
    }
  }
}
